{
  "nodes": {
    "but-nix": {
      "inputs": {
        "flake-utils": "flake-utils",
        "nixpkgs": [
          "nixpkgs"
        ]
      },
      "locked": {
        "lastModified": 1783454740,
        "narHash": "sha256-SDpMkwOgjce3scMBHFpQjxWAC13iTBWJRA3E/boq/EE=",
        "owner": "data-cartel",
        "repo": "but.nix",
        "rev": "5d1e0595360642314f9608a6f1609b4b0cc86d6a",
        "type": "github"
      },
      "original": {
        "owner": "data-cartel",
        "repo": "but.nix",
        "type": "github"
      }
    },
    "claude-code-manifest": {
      "flake": false,
      "locked": {
        "narHash": "sha256-4N34VtdaAKgQtaDKG4oenONsJq0WcUVQaDt/hAdBluw=",
        "type": "file",
        "url": "https://downloads.claude.ai/claude-code-releases/2.1.185/manifest.json"
      },
      "original": {
        "type": "file",
        "url": "https://downloads.claude.ai/claude-code-releases/2.1.185/manifest.json"
      }
    },
    "disko": {
      "inputs": {
        "nixpkgs": [
          "nixpkgs"
        ]
      },
      "locked": {
        "lastModified": 1781152676,
        "narHash": "sha256-RxWs5ND31KzTG7wvMM+PMfUjyNpmIEr999lqNARaM5o=",
        "owner": "nix-community",
        "repo": "disko",
        "rev": "ff8702b4de27f72b4c78573dfb89ec74e36abdf1",
        "type": "github"
      },
      "original": {
        "owner": "nix-community",
        "repo": "disko",
        "type": "github"
      }
    },
    "disko_2": {
      "inputs": {
        "nixpkgs": [
          "nixos-anywhere",
          "nixpkgs"
        ]
      },
      "locked": {
        "lastModified": 1781152676,
        "narHash": "sha256-RxWs5ND31KzTG7wvMM+PMfUjyNpmIEr999lqNARaM5o=",
        "owner": "nix-community",
        "repo": "disko",
        "rev": "ff8702b4de27f72b4c78573dfb89ec74e36abdf1",
        "type": "github"
      },
      "original": {
        "owner": "nix-community",
        "ref": "master",
        "repo": "disko",
        "type": "github"
      }
    },
    "doomdir": {
      "flake": false,
      "locked": {
        "path": "doomdir",
        "type": "path"
      },
      "original": {
        "path": "doomdir",
        "type": "path"
      },
      "parent": [
        "nix-doom-emacs-unstraightened"
      ]
    },
    "doomemacs": {
      "flake": false,
      "locked": {
        "lastModified": 1783093997,
        "narHash": "sha256-oIZAGdY1EYMWUyuHMSlLGk9Zv5iEYXigZ4v3bSgdr6c=",
        "owner": "doomemacs",
        "repo": "core",
        "rev": "8e4fbbae048a9abe897bf1878cbd32732a6d41d7",
        "type": "github"
      },
      "original": {
        "owner": "doomemacs",
        "repo": "core",
        "type": "github"
      }
    },
    "doomemacs-modules": {
      "flake": false,
      "locked": {
        "lastModified": 1782931200,
        "narHash": "sha256-jzC96RZXEVuGD+qdoTmuzd8PcrqnH+38B7jc6kVfTeQ=",
        "owner": "doomemacs",
        "repo": "modules",
        "rev": "7a3c5a14ec18b088183166dfab560000078e4bea",
        "type": "github"
      },
      "original": {
        "owner": "doomemacs",
        "repo": "modules",
        "type": "github"
      }
    },
    "emacs-overlay": {
      "inputs": {
        "nixpkgs": [
          "nix-doom-emacs-unstraightened"
        ],
        "nixpkgs-stable": [
          "nix-doom-emacs-unstraightened"
        ]
      },
      "locked": {
        "lastModified": 1783395319,
        "narHash": "sha256-L9nucc6xpvFUZO0LI74Ru303ajfXW/KjfEF36w4WJ+U=",
        "owner": "nix-community",
        "repo": "emacs-overlay",
        "rev": "c51e9cef5ddf3a439d0ac7f8b026cf3e5d3d26a7",
        "type": "github"
      },
      "original": {
        "owner": "nix-community",
        "repo": "emacs-overlay",
        "type": "github"
      }
    },
    "flake-utils": {
      "inputs": {
        "systems": "systems"
      },
      "locked": {
        "lastModified": 1731533236,
        "narHash": "sha256-l0KFg5HjrsfsO/JpG+r7fRrqm12kzFHyUHqHCVpMMbI=",
        "owner": "numtide",
        "repo": "flake-utils",
        "rev": "11707dc2f618dd54ca8739b309ec4fc024de578b",
        "type": "github"
      },
      "original": {
        "owner": "numtide",
        "repo": "flake-utils",
        "type": "github"
      }
    },
    "home-manager": {
      "inputs": {
        "nixpkgs": [
          "nixpkgs"
        ]
      },
      "locked": {
        "lastModified": 1783436070,
        "narHash": "sha256-F80z1JoiJgZyTT5D+3siLOVzqmCEphLR7t0Ym/I2CLI=",
        "owner": "nix-community",
        "repo": "home-manager",
        "rev": "f09af49406ffad37acb6538d3207189a1a1e0b7e",
        "type": "github"
      },
      "original": {
        "owner": "nix-community",
        "repo": "home-manager",
        "type": "github"
      }
    },
    "nix-darwin": {
      "inputs": {
        "nixpkgs": [
          "nixpkgs"
        ]
      },
      "locked": {
        "lastModified": 1783395956,
        "narHash": "sha256-AAbexQvDoK+6GFJdhY6kqjA+6ECKRkidgWxkn4gMwAA=",
        "owner": "LnL7",
        "repo": "nix-darwin",
        "rev": "d5bd9cd77aea4c0a8f49e7fd85545671a208ed15",
        "type": "github"
      },
      "original": {
        "owner": "LnL7",
        "repo": "nix-darwin",
        "type": "github"
      }
    },
    "nix-doom-emacs-unstraightened": {
      "inputs": {
        "doomdir": "doomdir",
        "doomemacs": "doomemacs",
        "doomemacs-modules": "doomemacs-modules",
        "emacs-overlay": "emacs-overlay",
        "nixpkgs": [
          "nixpkgs"
        ],
        "systems": "systems_2"
      },
      "locked": {
        "lastModified": 1783432043,
        "narHash": "sha256-CAMJW/DX7mo773UyVQsLQUZgx6ftUtImYfOXH+DYnfY=",
        "owner": "marienz",
        "repo": "nix-doom-emacs-unstraightened",
        "rev": "565673164d1bf033081f5fd101bd7933f5ff9e7b",
        "type": "github"
      },
      "original": {
        "owner": "marienz",
        "repo": "nix-doom-emacs-unstraightened",
        "type": "github"
      }
    },
    "nix-vm-test": {
      "inputs": {
        "nixpkgs": [
          "nixos-anywhere",
          "nixpkgs"
        ]
      },
      "locked": {
        "lastModified": 1781506385,
        "narHash": "sha256-kvTBHLiqB911yf2D9VThIRfB6Ai/E2H9+mVF0wR+9AY=",
        "owner": "numtide",
        "repo": "nix-vm-test",
        "rev": "2071ebc1f5b2a2e0211a2ca38c4e678092df76a5",
        "type": "github"
      },
      "original": {
        "owner": "numtide",
        "repo": "nix-vm-test",
        "type": "github"
      }
    },
    "nixos-anywhere": {
      "inputs": {
        "disko": "disko_2",
        "nix-vm-test": "nix-vm-test",
        "nixos-images": "nixos-images",
        "nixos-stable": "nixos-stable",
        "nixpkgs": [
          "nixpkgs"
        ],
        "treefmt-nix": "treefmt-nix"
      },
      "locked": {
        "lastModified": 1782890500,
        "narHash": "sha256-UwamW3kYf/7vSsYq2VRb3VBq8A1hvOiLzXVnJeKVS38=",
        "owner": "nix-community",
        "repo": "nixos-anywhere",
        "rev": "4dfb813db065afb0aba1f61658ef77993d382db1",
        "type": "github"
      },
      "original": {
        "owner": "nix-community",
        "repo": "nixos-anywhere",
        "type": "github"
      }
    },
    "nixos-images": {
      "inputs": {
        "nixos-stable": [
          "nixos-anywhere",
          "nixos-stable"
        ],
        "nixos-unstable": [
          "nixos-anywhere",
          "nixpkgs"
        ]
      },
      "locked": {
        "lastModified": 1782383811,
        "narHash": "sha256-UFSWbDEltShkthOfvlAyxDq4L7dLHcsuJzHbgu79lHM=",
        "owner": "nix-community",
        "repo": "nixos-images",
        "rev": "45c188c452d274e003c9acc6b43fab911fa6cfa5",
        "type": "github"
      },
      "original": {
        "owner": "nix-community",
        "repo": "nixos-images",
        "type": "github"
      }
    },
    "nixos-stable": {
      "locked": {
        "lastModified": 1782691344,
        "narHash": "sha256-i5nw9BYYsMDAaOC4J+JmTof6b2GhlyH076awYRNrTV8=",
        "owner": "NixOS",
        "repo": "nixpkgs",
        "rev": "1f01958ffb5b3545c96d9ef2f4e24c5e5e1eb846",
        "type": "github"
      },
      "original": {
        "owner": "NixOS",
        "ref": "nixos-26.05",
        "repo": "nixpkgs",
        "type": "github"
      }
    },
    "nixpkgs": {
      "locked": {
        "lastModified": 1783224372,
        "narHash": "sha256-8i/87eeoqiGE4yOTjwSA3Eh/ziJRQEmd/unYU+K27sk=",
        "owner": "NixOS",
        "repo": "nixpkgs",
        "rev": "d407951447dcd00442e97087bf374aad70c04cea",
        "type": "github"
      },
      "original": {
        "owner": "NixOS",
        "ref": "nixos-unstable",
        "repo": "nixpkgs",
        "type": "github"
      }
    },
    "nixpkgs-unstable": {
      "locked": {
        "lastModified": 1783224372,
        "narHash": "sha256-8i/87eeoqiGE4yOTjwSA3Eh/ziJRQEmd/unYU+K27sk=",
        "owner": "NixOS",
        "repo": "nixpkgs",
        "rev": "d407951447dcd00442e97087bf374aad70c04cea",
        "type": "github"
      },
      "original": {
        "owner": "NixOS",
        "ref": "nixos-unstable",
        "repo": "nixpkgs",
        "type": "github"
      }
    },
    "root": {
      "inputs": {
        "but-nix": "but-nix",
        "claude-code-manifest": "claude-code-manifest",
        "disko": "disko",
        "home-manager": "home-manager",
        "nix-darwin": "nix-darwin",
        "nix-doom-emacs-unstraightened": "nix-doom-emacs-unstraightened",
        "nixos-anywhere": "nixos-anywhere",
        "nixpkgs": "nixpkgs",
        "nixpkgs-unstable": "nixpkgs-unstable"
      }
    },
    "systems": {
      "locked": {
        "lastModified": 1681028828,
        "narHash": "sha256-Vy1rq5AaRuLzOxct8nz4T6wlgyUR7zLU309k9mBC768=",
        "owner": "nix-systems",
        "repo": "default",
        "rev": "da67096a3b9bf56a91d16901293e51ba5b49a27e",
        "type": "github"
      },
      "original": {
        "owner": "nix-systems",
        "repo": "default",
        "type": "github"
      }
    },
    "systems_2": {
      "locked": {
        "lastModified": 1681028828,
        "narHash": "sha256-Vy1rq5AaRuLzOxct8nz4T6wlgyUR7zLU309k9mBC768=",
        "owner": "nix-systems",
        "repo": "default",
        "rev": "da67096a3b9bf56a91d16901293e51ba5b49a27e",
        "type": "github"
      },
      "original": {
        "owner": "nix-systems",
        "repo": "default",
        "type": "github"
      }
    },
    "treefmt-nix": {
      "inputs": {
        "nixpkgs": [
          "nixos-anywhere",
          "nixpkgs"
        ]
      },
      "locked": {
        "lastModified": 1780220602,
        "narHash": "sha256-eynAfOmbmxJnkp7YewvCEbShNnnYJ9gLLqkzsYtBPeM=",
        "owner": "numtide",
        "repo": "treefmt-nix",
        "rev": "db947814a175b7ca6ded66e21383d938df01c227",
        "type": "github"
      },
      "original": {
        "owner": "numtide",
        "repo": "treefmt-nix",
        "type": "github"
      }
    }
  },
  "root": "root",
  "version": 7
}
